<?xml version="1.0" encoding="utf-8"?>
<Project ToolsVersion="4.0" xmlns="http://schemas.microsoft.com/developer/msbuild/2003">
  <ItemGroup>
    <None Include="readNestedTableValues.lua" />
    <None Include="readTopLevelTableValues.lua" />
  </ItemGroup>
  <ItemGroup>
    <CustomBuild Include="tableExamples.lua" />
    <CustomBuild Include="loadTableFromFile.lua" />
  </ItemGroup>
  <ItemGroup>
    <ClCompile Include="EntryPoint.cpp" />
    <ClCompile Include="LoadTableFromFile.cpp" />
    <ClCompile Include="ReadTopLevelTableValues.cpp" />
    <ClCompile Include="ReadNestedTableValues.cpp" />
  </ItemGroup>
  <ItemGroup>
    <ClInclude Include="LoadTableFromFile.h" />
    <ClInclude Include="ReadTopLevelTableValues.h" />
    <ClInclude Include="ReadNestedTableValues.h" />
  </ItemGroup>
</Project>